
Microsoft Visual Studio Solution File, Format Version 12.00
# Visual Studio Version 16
VisualStudioVersion = 16.0.29001.49
MinimumVisualStudioVersion = 10.0.40219.1
Project("{9A19103F-16F7-4668-BE54-9A1E7A4F7556}") = "onlineShop", "onlineShop\onlineShop.csproj", "{D2125D87-8080-4E35-A635-237F19B460A5}"
EndProject
Global
	GlobalSection(SolutionConfigurationPlatforms) = preSolution
		Debug|Any CPU = Debug|Any CPU
		Release|Any CPU = Release|Any CPU
	EndGlobalSection
	GlobalSection(ProjectConfigurationPlatforms) = postSolution
		{D2125D87-8080-4E35-A635-237F19B460A5}.Debug|Any CPU.ActiveCfg = Debug|Any CPU
		{D2125D87-8080-4E35-A635-237F19B460A5}.Debug|Any CPU.Build.0 = Debug|Any CPU
		{D2125D87-8080-4E35-A635-237F19B460A5}.Release|Any CPU.ActiveCfg = Release|Any CPU
		{D2125D87-8080-4E35-A635-237F19B460A5}.Release|Any CPU.Build.0 = Release|Any CPU
	EndGlobalSection
	GlobalSection(SolutionProperties) = preSolution
		HideSolutionNode = FALSE
	EndGlobalSection
	GlobalSection(ExtensibilityGlobals) = postSolution
		SolutionGuid = {F95F62AF-F2F4-4E5C-BFB4-DD8E0AB6A79B}
	EndGlobalSection
EndGlobal
